
Microsoft Visual Studio Solution File, Format Version 12.00
# Visual Studio Version 16
VisualStudioVersion = 16.0.30320.27
MinimumVisualStudioVersion = 10.0.40219.1
Project("{FAE04EC0-301F-11D3-BF4B-00C04F79EFBC}") = "WebSysDev", "WebSysDev.csproj", "{2ED40183-6F51-4DE3-833C-1E0A2364DA2B}"
EndProject
Global
	GlobalSection(SolutionConfigurationPlatforms) = preSolution
		Debug|Any CPU = Debug|Any CPU
		Release|Any CPU = Release|Any CPU
	EndGlobalSection
	GlobalSection(ProjectConfigurationPlatforms) = postSolution
		{2ED40183-6F51-4DE3-833C-1E0A2364DA2B}.Debug|Any CPU.ActiveCfg = Debug|Any CPU
		{2ED40183-6F51-4DE3-833C-1E0A2364DA2B}.Debug|Any CPU.Build.0 = Debug|Any CPU
		{2ED40183-6F51-4DE3-833C-1E0A2364DA2B}.Release|Any CPU.ActiveCfg = Release|Any CPU
		{2ED40183-6F51-4DE3-833C-1E0A2364DA2B}.Release|Any CPU.Build.0 = Release|Any CPU
	EndGlobalSection
	GlobalSection(SolutionProperties) = preSolution
		HideSolutionNode = FALSE
	EndGlobalSection
	GlobalSection(ExtensibilityGlobals) = postSolution
		SolutionGuid = {496258C9-F891-44BC-8AE8-A953CEB01BC2}
	EndGlobalSection
EndGlobal
